<?xml version="1.0" encoding="utf-8"?>
<Project ToolsVersion="4.0" xmlns="http://schemas.microsoft.com/developer/msbuild/2003">
  <ItemGroup>
    <Filter Include="Resource Files">
      <UniqueIdentifier>{67DA6AB6-F800-4c08-8B7A-83BB121AAD01}</UniqueIdentifier>
      <Extensions>rc;ico;cur;bmp;dlg;rc2;rct;bin;rgs;gif;jpg;jpeg;jpe;resx;tiff;tif;png;wav;mfcribbon-ms</Extensions>
    </Filter>
    <Filter Include="sources">
      <UniqueIdentifier>{4FC737F1-C7A5-4376-A066-2A32D752A2FF}</UniqueIdentifier>
      <Extensions>cpp;c;cc;cxx;c++;cppm;ixx;def;odl;idl;hpj;bat;asm;asmx</Extensions>
    </Filter>
    <Filter Include="sources\rxtd">
      <UniqueIdentifier>{4fe75a8b-d668-458f-adba-327cc11a4543}</UniqueIdentifier>
    </Filter>
    <Filter Include="sources\rxtd\buffer_printer">
      <UniqueIdentifier>{e3b06deb-6bfa-4c0d-8911-ebd351fd7c4d}</UniqueIdentifier>
    </Filter>
  </ItemGroup>
  <ItemGroup>
    <ClInclude Include="sources\rxtd\Logger.h">
      <Filter>sources\rxtd</Filter>
    </ClInclude>
    <ClInclude Include="sources\rxtd\buffer_printer\BufferPrinter.h">
      <Filter>sources\rxtd\buffer_printer</Filter>
    </ClInclude>
    <ClInclude Include="sources\rxtd\buffer_printer\ReadableStreamBuffer.h">
      <Filter>sources\rxtd\buffer_printer</Filter>
    </ClInclude>
  </ItemGroup>
  <ItemGroup>
    <ClCompile Include="sources\rxtd\buffer_printer\ReadableStreamBuffer.cpp">
      <Filter>sources\rxtd\buffer_printer</Filter>
    </ClCompile>
  </ItemGroup>
</Project>