
Microsoft Visual Studio Solution File, Format Version 12.00
# Visual Studio 15
VisualStudioVersion = 15.0.28010.0
MinimumVisualStudioVersion = 10.0.40219.1
Project("{8BC9CEB8-8B4A-11D0-8D11-00A0C91BC942}") = "PerfMonRxtd", "PerfMonRxtd\PerfMonRxtd.vcxproj", "{69B18C5D-6B5C-4711-8AB4-91C651EBA6E4}"
EndProject
Project("{8BC9CEB8-8B4A-11D0-8D11-00A0C91BC942}") = "LocalPluginLoader", "LocalPluginLoader\LocalPluginLoader.vcxproj", "{AFE85925-29BD-4146-810B-1A913291DB7E}"
	ProjectSection(ProjectDependencies) = postProject
		{8817A113-76AD-4DF9-8AB8-CCC1D9CFDF09} = {8817A113-76AD-4DF9-8AB8-CCC1D9CFDF09}
	EndProjectSection
EndProject
Project("{8BC9CEB8-8B4A-11D0-8D11-00A0C91BC942}") = "AudioAnalyzer", "AudioAnalyzer\AudioAnalyzer.vcxproj", "{EDB8CA8D-F632-4CA4-B3D5-D03763F29724}"
	ProjectSection(ProjectDependencies) = postProject
		{8817A113-76AD-4DF9-8AB8-CCC1D9CFDF09} = {8817A113-76AD-4DF9-8AB8-CCC1D9CFDF09}
	EndProjectSection
EndProject
Project("{8BC9CEB8-8B4A-11D0-8D11-00A0C91BC942}") = "Common", "Common\Common.vcxproj", "{8817A113-76AD-4DF9-8AB8-CCC1D9CFDF09}"
EndProject
Global
	GlobalSection(SolutionConfigurationPlatforms) = preSolution
		Debug|x64 = Debug|x64
		Debug|x86 = Debug|x86
		Release|x64 = Release|x64
		Release|x86 = Release|x86
	EndGlobalSection
	GlobalSection(ProjectConfigurationPlatforms) = postSolution
		{69B18C5D-6B5C-4711-8AB4-91C651EBA6E4}.Debug|x64.ActiveCfg = Debug|x64
		{69B18C5D-6B5C-4711-8AB4-91C651EBA6E4}.Debug|x64.Build.0 = Debug|x64
		{69B18C5D-6B5C-4711-8AB4-91C651EBA6E4}.Debug|x86.ActiveCfg = Debug|Win32
		{69B18C5D-6B5C-4711-8AB4-91C651EBA6E4}.Debug|x86.Build.0 = Debug|Win32
		{69B18C5D-6B5C-4711-8AB4-91C651EBA6E4}.Release|x64.ActiveCfg = Release|x64
		{69B18C5D-6B5C-4711-8AB4-91C651EBA6E4}.Release|x64.Build.0 = Release|x64
		{69B18C5D-6B5C-4711-8AB4-91C651EBA6E4}.Release|x86.ActiveCfg = Release|Win32
		{69B18C5D-6B5C-4711-8AB4-91C651EBA6E4}.Release|x86.Build.0 = Release|Win32
		{AFE85925-29BD-4146-810B-1A913291DB7E}.Debug|x64.ActiveCfg = Debug|x64
		{AFE85925-29BD-4146-810B-1A913291DB7E}.Debug|x64.Build.0 = Debug|x64
		{AFE85925-29BD-4146-810B-1A913291DB7E}.Debug|x86.ActiveCfg = Debug|Win32
		{AFE85925-29BD-4146-810B-1A913291DB7E}.Debug|x86.Build.0 = Debug|Win32
		{AFE85925-29BD-4146-810B-1A913291DB7E}.Release|x64.ActiveCfg = Release|x64
		{AFE85925-29BD-4146-810B-1A913291DB7E}.Release|x64.Build.0 = Release|x64
		{AFE85925-29BD-4146-810B-1A913291DB7E}.Release|x86.ActiveCfg = Release|Win32
		{AFE85925-29BD-4146-810B-1A913291DB7E}.Release|x86.Build.0 = Release|Win32
		{EDB8CA8D-F632-4CA4-B3D5-D03763F29724}.Debug|x64.ActiveCfg = Debug|x64
		{EDB8CA8D-F632-4CA4-B3D5-D03763F29724}.Debug|x64.Build.0 = Debug|x64
		{EDB8CA8D-F632-4CA4-B3D5-D03763F29724}.Debug|x86.ActiveCfg = Debug|Win32
		{EDB8CA8D-F632-4CA4-B3D5-D03763F29724}.Debug|x86.Build.0 = Debug|Win32
		{EDB8CA8D-F632-4CA4-B3D5-D03763F29724}.Release|x64.ActiveCfg = Release|x64
		{EDB8CA8D-F632-4CA4-B3D5-D03763F29724}.Release|x64.Build.0 = Release|x64
		{EDB8CA8D-F632-4CA4-B3D5-D03763F29724}.Release|x86.ActiveCfg = Release|Win32
		{EDB8CA8D-F632-4CA4-B3D5-D03763F29724}.Release|x86.Build.0 = Release|Win32
		{8817A113-76AD-4DF9-8AB8-CCC1D9CFDF09}.Debug|x64.ActiveCfg = Debug|x64
		{8817A113-76AD-4DF9-8AB8-CCC1D9CFDF09}.Debug|x64.Build.0 = Debug|x64
		{8817A113-76AD-4DF9-8AB8-CCC1D9CFDF09}.Debug|x86.ActiveCfg = Debug|Win32
		{8817A113-76AD-4DF9-8AB8-CCC1D9CFDF09}.Debug|x86.Build.0 = Debug|Win32
		{8817A113-76AD-4DF9-8AB8-CCC1D9CFDF09}.Release|x64.ActiveCfg = Release|x64
		{8817A113-76AD-4DF9-8AB8-CCC1D9CFDF09}.Release|x64.Build.0 = Release|x64
		{8817A113-76AD-4DF9-8AB8-CCC1D9CFDF09}.Release|x86.ActiveCfg = Release|Win32
		{8817A113-76AD-4DF9-8AB8-CCC1D9CFDF09}.Release|x86.Build.0 = Release|Win32
	EndGlobalSection
	GlobalSection(SolutionProperties) = preSolution
		HideSolutionNode = FALSE
	EndGlobalSection
	GlobalSection(ExtensibilityGlobals) = postSolution
		SolutionGuid = {07D1F196-1A1E-4ED1-826F-4806A1D58932}
	EndGlobalSection
EndGlobal
