<?xml version="1.0" encoding="utf-8"?>
<Project ToolsVersion="4.0" xmlns="http://schemas.microsoft.com/developer/msbuild/2003">
  <ItemGroup>
    <Filter Include="Resource Files">
      <UniqueIdentifier>{67DA6AB6-F800-4c08-8B7A-83BB121AAD01}</UniqueIdentifier>
      <Extensions>rc;ico;cur;bmp;dlg;rc2;rct;bin;rgs;gif;jpg;jpeg;jpe;resx;tiff;tif;png;wav;mfcribbon-ms</Extensions>
    </Filter>
    <Filter Include="sources">
      <UniqueIdentifier>{4FC737F1-C7A5-4376-A066-2A32D752A2FF}</UniqueIdentifier>
      <Extensions>cpp;c;cc;cxx;def;odl;idl;hpj;bat;asm;asmx</Extensions>
    </Filter>
    <Filter Include="sources\rxtd">
      <UniqueIdentifier>{2ff3d060-3d75-4eff-9248-13cdb7c172a6}</UniqueIdentifier>
    </Filter>
    <Filter Include="sources\rxtd\audio_analyzer">
      <UniqueIdentifier>{4ae473fb-a788-469e-adc1-3799127eabb3}</UniqueIdentifier>
    </Filter>
    <Filter Include="sources\rxtd\audio_analyzer\options">
      <UniqueIdentifier>{40b0d339-0169-4605-96ed-3a00020889f4}</UniqueIdentifier>
    </Filter>
    <Filter Include="sources\rxtd\audio_analyzer\image_utils">
      <UniqueIdentifier>{3b0cca31-00be-46d7-9c2b-2190ca8c84e6}</UniqueIdentifier>
    </Filter>
    <Filter Include="sources\rxtd\audio_analyzer\sound_processing">
      <UniqueIdentifier>{bdb8ab0b-fb55-4af4-aed4-b00fbf3b4a18}</UniqueIdentifier>
    </Filter>
    <Filter Include="sources\rxtd\audio_analyzer\sound_processing\sound_handlers">
      <UniqueIdentifier>{89ee3378-928c-4353-a5d1-3dd6fa638e74}</UniqueIdentifier>
    </Filter>
    <Filter Include="sources\rxtd\audio_analyzer\sound_processing\sound_handlers\spectrum-stack">
      <UniqueIdentifier>{de102e90-3811-445c-9f63-d12d9f1758b2}</UniqueIdentifier>
    </Filter>
    <Filter Include="sources\rxtd\audio_analyzer\sound_processing\sound_handlers\basic-handlers">
      <UniqueIdentifier>{a439639a-9638-414b-87e1-915134dbb534}</UniqueIdentifier>
    </Filter>
    <Filter Include="sources\rxtd\audio_analyzer\sound_processing\device_management">
      <UniqueIdentifier>{477ac0e7-fd2d-4360-b210-9660fdcdb279}</UniqueIdentifier>
    </Filter>
    <Filter Include="sources\rxtd\audio_analyzer\wasapi_wrappers">
      <UniqueIdentifier>{e9e66964-742b-40c3-b788-52cd69ec7f9f}</UniqueIdentifier>
    </Filter>
    <Filter Include="sources\rxtd\audio_analyzer\wasapi_wrappers\implementations">
      <UniqueIdentifier>{1efe0513-1dc6-45a6-a7af-26c084b2ac30}</UniqueIdentifier>
    </Filter>
    <Filter Include="sources\rxtd\audio_analyzer\audio_utils">
      <UniqueIdentifier>{b86d0f22-e736-4e33-b033-0ae3d914e120}</UniqueIdentifier>
    </Filter>
  </ItemGroup>
  <ItemGroup>
    <ClInclude Include="sources\rxtd\audio_analyzer\AudioChild.h">
      <Filter>sources\rxtd\audio_analyzer</Filter>
    </ClInclude>
    <ClInclude Include="sources\rxtd\audio_analyzer\AudioParent.h">
      <Filter>sources\rxtd\audio_analyzer</Filter>
    </ClInclude>
    <ClInclude Include="sources\rxtd\audio_analyzer\ParentHelper.h">
      <Filter>sources\rxtd\audio_analyzer</Filter>
    </ClInclude>
    <ClInclude Include="sources\rxtd\audio_analyzer\Version.h">
      <Filter>sources\rxtd\audio_analyzer</Filter>
    </ClInclude>
    <ClInclude Include="sources\rxtd\audio_analyzer\options\HandlerCacheHelper.h">
      <Filter>sources\rxtd\audio_analyzer\options</Filter>
    </ClInclude>
    <ClInclude Include="sources\rxtd\audio_analyzer\options\ParamParser.h">
      <Filter>sources\rxtd\audio_analyzer\options</Filter>
    </ClInclude>
    <ClInclude Include="sources\rxtd\audio_analyzer\options\HandlerInfo.h">
      <Filter>sources\rxtd\audio_analyzer\options</Filter>
    </ClInclude>
    <ClInclude Include="sources\rxtd\audio_analyzer\options\ProcessingData.h">
      <Filter>sources\rxtd\audio_analyzer\options</Filter>
    </ClInclude>
    <ClInclude Include="sources\rxtd\audio_analyzer\image_utils\BmpWriter.h">
      <Filter>sources\rxtd\audio_analyzer\image_utils</Filter>
    </ClInclude>
    <ClInclude Include="sources\rxtd\audio_analyzer\image_utils\Color.h">
      <Filter>sources\rxtd\audio_analyzer\image_utils</Filter>
    </ClInclude>
    <ClInclude Include="sources\rxtd\audio_analyzer\image_utils\ImageWriteHelper.h">
      <Filter>sources\rxtd\audio_analyzer\image_utils</Filter>
    </ClInclude>
    <ClInclude Include="sources\rxtd\audio_analyzer\image_utils\IntColor.h">
      <Filter>sources\rxtd\audio_analyzer\image_utils</Filter>
    </ClInclude>
    <ClInclude Include="sources\rxtd\audio_analyzer\image_utils\StripedImage.h">
      <Filter>sources\rxtd\audio_analyzer\image_utils</Filter>
    </ClInclude>
    <ClInclude Include="sources\rxtd\audio_analyzer\image_utils\StripedImageFadeHelper.h">
      <Filter>sources\rxtd\audio_analyzer\image_utils</Filter>
    </ClInclude>
    <ClInclude Include="sources\rxtd\audio_analyzer\image_utils\WaveFormDrawer.h">
      <Filter>sources\rxtd\audio_analyzer\image_utils</Filter>
    </ClInclude>
    <ClInclude Include="sources\rxtd\audio_analyzer\sound_processing\Channel.h">
      <Filter>sources\rxtd\audio_analyzer\sound_processing</Filter>
    </ClInclude>
    <ClInclude Include="sources\rxtd\audio_analyzer\sound_processing\ChannelMixer.h">
      <Filter>sources\rxtd\audio_analyzer\sound_processing</Filter>
    </ClInclude>
    <ClInclude Include="sources\rxtd\audio_analyzer\sound_processing\LogErrorHelper.h">
      <Filter>sources\rxtd\audio_analyzer\sound_processing</Filter>
    </ClInclude>
    <ClInclude Include="sources\rxtd\audio_analyzer\sound_processing\ProcessingManager.h">
      <Filter>sources\rxtd\audio_analyzer\sound_processing</Filter>
    </ClInclude>
    <ClInclude Include="sources\rxtd\audio_analyzer\sound_processing\ProcessingOrchestrator.h">
      <Filter>sources\rxtd\audio_analyzer\sound_processing</Filter>
    </ClInclude>
    <ClInclude Include="sources\rxtd\audio_analyzer\sound_processing\sound_handlers\ExternalMethods.h">
      <Filter>sources\rxtd\audio_analyzer\sound_processing\sound_handlers</Filter>
    </ClInclude>
    <ClInclude Include="sources\rxtd\audio_analyzer\sound_processing\sound_handlers\HandlerBase.h">
      <Filter>sources\rxtd\audio_analyzer\sound_processing\sound_handlers</Filter>
    </ClInclude>
    <ClInclude Include="sources\rxtd\audio_analyzer\sound_processing\sound_handlers\spectrum-stack\BandCascadeTransformer.h">
      <Filter>sources\rxtd\audio_analyzer\sound_processing\sound_handlers\spectrum-stack</Filter>
    </ClInclude>
    <ClInclude Include="sources\rxtd\audio_analyzer\sound_processing\sound_handlers\spectrum-stack\BandResampler.h">
      <Filter>sources\rxtd\audio_analyzer\sound_processing\sound_handlers\spectrum-stack</Filter>
    </ClInclude>
    <ClInclude Include="sources\rxtd\audio_analyzer\sound_processing\sound_handlers\spectrum-stack\FftAnalyzer.h">
      <Filter>sources\rxtd\audio_analyzer\sound_processing\sound_handlers\spectrum-stack</Filter>
    </ClInclude>
    <ClInclude Include="sources\rxtd\audio_analyzer\sound_processing\sound_handlers\spectrum-stack\SingleValueTransformer.h">
      <Filter>sources\rxtd\audio_analyzer\sound_processing\sound_handlers\spectrum-stack</Filter>
    </ClInclude>
    <ClInclude Include="sources\rxtd\audio_analyzer\sound_processing\sound_handlers\spectrum-stack\Spectrogram.h">
      <Filter>sources\rxtd\audio_analyzer\sound_processing\sound_handlers\spectrum-stack</Filter>
    </ClInclude>
    <ClInclude Include="sources\rxtd\audio_analyzer\sound_processing\sound_handlers\spectrum-stack\TimeResampler.h">
      <Filter>sources\rxtd\audio_analyzer\sound_processing\sound_handlers\spectrum-stack</Filter>
    </ClInclude>
    <ClInclude Include="sources\rxtd\audio_analyzer\sound_processing\sound_handlers\spectrum-stack\UniformBlur.h">
      <Filter>sources\rxtd\audio_analyzer\sound_processing\sound_handlers\spectrum-stack</Filter>
    </ClInclude>
    <ClInclude Include="sources\rxtd\audio_analyzer\sound_processing\sound_handlers\basic-handlers\BlockHandler.h">
      <Filter>sources\rxtd\audio_analyzer\sound_processing\sound_handlers\basic-handlers</Filter>
    </ClInclude>
    <ClInclude Include="sources\rxtd\audio_analyzer\sound_processing\sound_handlers\basic-handlers\Loudness.h">
      <Filter>sources\rxtd\audio_analyzer\sound_processing\sound_handlers\basic-handlers</Filter>
    </ClInclude>
    <ClInclude Include="sources\rxtd\audio_analyzer\sound_processing\sound_handlers\basic-handlers\WaveForm.h">
      <Filter>sources\rxtd\audio_analyzer\sound_processing\sound_handlers\basic-handlers</Filter>
    </ClInclude>
    <ClInclude Include="sources\rxtd\audio_analyzer\sound_processing\device_management\CaptureManager.h">
      <Filter>sources\rxtd\audio_analyzer\sound_processing\device_management</Filter>
    </ClInclude>
    <ClInclude Include="sources\rxtd\audio_analyzer\wasapi_wrappers\AudioCaptureClient.h">
      <Filter>sources\rxtd\audio_analyzer\wasapi_wrappers</Filter>
    </ClInclude>
    <ClInclude Include="sources\rxtd\audio_analyzer\wasapi_wrappers\AudioClientHandle.h">
      <Filter>sources\rxtd\audio_analyzer\wasapi_wrappers</Filter>
    </ClInclude>
    <ClInclude Include="sources\rxtd\audio_analyzer\wasapi_wrappers\MediaDeviceEnumerator.h">
      <Filter>sources\rxtd\audio_analyzer\wasapi_wrappers</Filter>
    </ClInclude>
    <ClInclude Include="sources\rxtd\audio_analyzer\wasapi_wrappers\MediaDeviceHandle.h">
      <Filter>sources\rxtd\audio_analyzer\wasapi_wrappers</Filter>
    </ClInclude>
    <ClInclude Include="sources\rxtd\audio_analyzer\wasapi_wrappers\MediaDeviceType.h">
      <Filter>sources\rxtd\audio_analyzer\wasapi_wrappers</Filter>
    </ClInclude>
    <ClInclude Include="sources\rxtd\audio_analyzer\wasapi_wrappers\WaveFormat.h">
      <Filter>sources\rxtd\audio_analyzer\wasapi_wrappers</Filter>
    </ClInclude>
    <ClInclude Include="sources\rxtd\audio_analyzer\wasapi_wrappers\implementations\AudioSessionEventsImpl.h">
      <Filter>sources\rxtd\audio_analyzer\wasapi_wrappers\implementations</Filter>
    </ClInclude>
    <ClInclude Include="sources\rxtd\audio_analyzer\wasapi_wrappers\implementations\MediaDeviceListNotificationClient.h">
      <Filter>sources\rxtd\audio_analyzer\wasapi_wrappers\implementations</Filter>
    </ClInclude>
    <ClInclude Include="sources\rxtd\audio_analyzer\audio_utils\CubicInterpolationHelper.h">
      <Filter>sources\rxtd\audio_analyzer\audio_utils</Filter>
    </ClInclude>
    <ClInclude Include="sources\rxtd\audio_analyzer\audio_utils\CustomizableValueTransformer.h">
      <Filter>sources\rxtd\audio_analyzer\audio_utils</Filter>
    </ClInclude>
    <ClInclude Include="sources\rxtd\audio_analyzer\audio_utils\GaussianCoefficientsManager.h">
      <Filter>sources\rxtd\audio_analyzer\audio_utils</Filter>
    </ClInclude>
    <ClInclude Include="sources\rxtd\audio_analyzer\audio_utils\MinMaxCounter.h">
      <Filter>sources\rxtd\audio_analyzer\audio_utils</Filter>
    </ClInclude>
    <ClInclude Include="sources\rxtd\audio_analyzer\audio_utils\RandomGenerator.h">
      <Filter>sources\rxtd\audio_analyzer\audio_utils</Filter>
    </ClInclude>
    <ClInclude Include="git_commit_version.h">
      <Filter>Resource Files</Filter>
    </ClInclude>
    <ClInclude Include="local-version.h">
      <Filter>Resource Files</Filter>
    </ClInclude>
    <ClInclude Include="resource.h" />
  </ItemGroup>
  <ItemGroup>
    <ClCompile Include="Sources\dllmain.cpp">
      <Filter>sources</Filter>
    </ClCompile>
    <ClCompile Include="sources\rxtd\audio_analyzer\AudioChild.cpp">
      <Filter>sources\rxtd\audio_analyzer</Filter>
    </ClCompile>
    <ClCompile Include="sources\rxtd\audio_analyzer\AudioParent.cpp">
      <Filter>sources\rxtd\audio_analyzer</Filter>
    </ClCompile>
    <ClCompile Include="sources\rxtd\audio_analyzer\ParentHelper.cpp">
      <Filter>sources\rxtd\audio_analyzer</Filter>
    </ClCompile>
    <ClCompile Include="sources\rxtd\audio_analyzer\options\HandlerCacheHelper.cpp">
      <Filter>sources\rxtd\audio_analyzer\options</Filter>
    </ClCompile>
    <ClCompile Include="sources\rxtd\audio_analyzer\options\ParamParser.cpp">
      <Filter>sources\rxtd\audio_analyzer\options</Filter>
    </ClCompile>
    <ClCompile Include="sources\rxtd\audio_analyzer\image_utils\BmpWriter.cpp">
      <Filter>sources\rxtd\audio_analyzer\image_utils</Filter>
    </ClCompile>
    <ClCompile Include="sources\rxtd\audio_analyzer\image_utils\Color.cpp">
      <Filter>sources\rxtd\audio_analyzer\image_utils</Filter>
    </ClCompile>
    <ClCompile Include="sources\rxtd\audio_analyzer\image_utils\ImageWriteHelper.cpp">
      <Filter>sources\rxtd\audio_analyzer\image_utils</Filter>
    </ClCompile>
    <ClCompile Include="sources\rxtd\audio_analyzer\image_utils\StripedImageFadeHelper.cpp">
      <Filter>sources\rxtd\audio_analyzer\image_utils</Filter>
    </ClCompile>
    <ClCompile Include="sources\rxtd\audio_analyzer\image_utils\WaveFormDrawer.cpp">
      <Filter>sources\rxtd\audio_analyzer\image_utils</Filter>
    </ClCompile>
    <ClCompile Include="sources\rxtd\audio_analyzer\sound_processing\Channel.cpp">
      <Filter>sources\rxtd\audio_analyzer\sound_processing</Filter>
    </ClCompile>
    <ClCompile Include="sources\rxtd\audio_analyzer\sound_processing\ChannelMixer.cpp">
      <Filter>sources\rxtd\audio_analyzer\sound_processing</Filter>
    </ClCompile>
    <ClCompile Include="sources\rxtd\audio_analyzer\sound_processing\ProcessingManager.cpp">
      <Filter>sources\rxtd\audio_analyzer\sound_processing</Filter>
    </ClCompile>
    <ClCompile Include="sources\rxtd\audio_analyzer\sound_processing\ProcessingOrchestrator.cpp">
      <Filter>sources\rxtd\audio_analyzer\sound_processing</Filter>
    </ClCompile>
    <ClCompile Include="sources\rxtd\audio_analyzer\sound_processing\sound_handlers\HandlerBase.cpp">
      <Filter>sources\rxtd\audio_analyzer\sound_processing\sound_handlers</Filter>
    </ClCompile>
    <ClCompile Include="sources\rxtd\audio_analyzer\sound_processing\sound_handlers\spectrum-stack\BandCascadeTransformer.cpp">
      <Filter>sources\rxtd\audio_analyzer\sound_processing\sound_handlers\spectrum-stack</Filter>
    </ClCompile>
    <ClCompile Include="sources\rxtd\audio_analyzer\sound_processing\sound_handlers\spectrum-stack\BandResampler.cpp">
      <Filter>sources\rxtd\audio_analyzer\sound_processing\sound_handlers\spectrum-stack</Filter>
    </ClCompile>
    <ClCompile Include="sources\rxtd\audio_analyzer\sound_processing\sound_handlers\spectrum-stack\FftAnalyzer.cpp">
      <Filter>sources\rxtd\audio_analyzer\sound_processing\sound_handlers\spectrum-stack</Filter>
    </ClCompile>
    <ClCompile Include="sources\rxtd\audio_analyzer\sound_processing\sound_handlers\spectrum-stack\SingleValueTransformer.cpp">
      <Filter>sources\rxtd\audio_analyzer\sound_processing\sound_handlers\spectrum-stack</Filter>
    </ClCompile>
    <ClCompile Include="sources\rxtd\audio_analyzer\sound_processing\sound_handlers\spectrum-stack\Spectrogram.cpp">
      <Filter>sources\rxtd\audio_analyzer\sound_processing\sound_handlers\spectrum-stack</Filter>
    </ClCompile>
    <ClCompile Include="sources\rxtd\audio_analyzer\sound_processing\sound_handlers\spectrum-stack\TimeResampler.cpp">
      <Filter>sources\rxtd\audio_analyzer\sound_processing\sound_handlers\spectrum-stack</Filter>
    </ClCompile>
    <ClCompile Include="sources\rxtd\audio_analyzer\sound_processing\sound_handlers\spectrum-stack\UniformBlur.cpp">
      <Filter>sources\rxtd\audio_analyzer\sound_processing\sound_handlers\spectrum-stack</Filter>
    </ClCompile>
    <ClCompile Include="sources\rxtd\audio_analyzer\sound_processing\sound_handlers\basic-handlers\BlockHandler.cpp">
      <Filter>sources\rxtd\audio_analyzer\sound_processing\sound_handlers\basic-handlers</Filter>
    </ClCompile>
    <ClCompile Include="sources\rxtd\audio_analyzer\sound_processing\sound_handlers\basic-handlers\Loudness.cpp">
      <Filter>sources\rxtd\audio_analyzer\sound_processing\sound_handlers\basic-handlers</Filter>
    </ClCompile>
    <ClCompile Include="sources\rxtd\audio_analyzer\sound_processing\sound_handlers\basic-handlers\WaveForm.cpp">
      <Filter>sources\rxtd\audio_analyzer\sound_processing\sound_handlers\basic-handlers</Filter>
    </ClCompile>
    <ClCompile Include="sources\rxtd\audio_analyzer\sound_processing\device_management\CaptureManager.cpp">
      <Filter>sources\rxtd\audio_analyzer\sound_processing\device_management</Filter>
    </ClCompile>
    <ClCompile Include="sources\rxtd\audio_analyzer\wasapi_wrappers\AudioCaptureClient.cpp">
      <Filter>sources\rxtd\audio_analyzer\wasapi_wrappers</Filter>
    </ClCompile>
    <ClCompile Include="sources\rxtd\audio_analyzer\wasapi_wrappers\AudioClientHandle.cpp">
      <Filter>sources\rxtd\audio_analyzer\wasapi_wrappers</Filter>
    </ClCompile>
    <ClCompile Include="sources\rxtd\audio_analyzer\wasapi_wrappers\MediaDeviceEnumerator.cpp">
      <Filter>sources\rxtd\audio_analyzer\wasapi_wrappers</Filter>
    </ClCompile>
    <ClCompile Include="sources\rxtd\audio_analyzer\wasapi_wrappers\MediaDeviceHandle.cpp">
      <Filter>sources\rxtd\audio_analyzer\wasapi_wrappers</Filter>
    </ClCompile>
    <ClCompile Include="sources\rxtd\audio_analyzer\wasapi_wrappers\implementations\AudioSessionEventsImpl.cpp">
      <Filter>sources\rxtd\audio_analyzer\wasapi_wrappers\implementations</Filter>
    </ClCompile>
    <ClCompile Include="sources\rxtd\audio_analyzer\wasapi_wrappers\implementations\MediaDeviceListNotificationClient.cpp">
      <Filter>sources\rxtd\audio_analyzer\wasapi_wrappers\implementations</Filter>
    </ClCompile>
    <ClCompile Include="sources\rxtd\audio_analyzer\audio_utils\CubicInterpolationHelper.cpp">
      <Filter>sources\rxtd\audio_analyzer\audio_utils</Filter>
    </ClCompile>
    <ClCompile Include="sources\rxtd\audio_analyzer\audio_utils\CustomizableValueTransformer.cpp">
      <Filter>sources\rxtd\audio_analyzer\audio_utils</Filter>
    </ClCompile>
    <ClCompile Include="sources\rxtd\audio_analyzer\audio_utils\GaussianCoefficientsManager.cpp">
      <Filter>sources\rxtd\audio_analyzer\audio_utils</Filter>
    </ClCompile>
    <ClCompile Include="sources\rxtd\audio_analyzer\sound_processing\sound_handlers\spectrum-stack\Spectrogram.InputStripMaker.cpp">
      <Filter>sources\rxtd\audio_analyzer\sound_processing\sound_handlers\spectrum-stack</Filter>
    </ClCompile>
  </ItemGroup>
  <ItemGroup>
    <None Include="README.md" />
  </ItemGroup>
  <ItemGroup>
    <ResourceCompile Include="plugin_dll_info.rc">
      <Filter>Resource Files</Filter>
    </ResourceCompile>
  </ItemGroup>
</Project>