<?xml version="1.0" encoding="utf-8"?>
<Project ToolsVersion="4.0" xmlns="http://schemas.microsoft.com/developer/msbuild/2003">
  <ItemGroup>
    <Filter Include="Source Files">
      <UniqueIdentifier>{4FC737F1-C7A5-4376-A066-2A32D752A2FF}</UniqueIdentifier>
      <Extensions>cpp;c;cc;cxx;def;odl;idl;hpj;bat;asm;asmx</Extensions>
    </Filter>
    <Filter Include="Resource Files">
      <UniqueIdentifier>{67DA6AB6-F800-4c08-8B7A-83BB121AAD01}</UniqueIdentifier>
      <Extensions>rc;ico;cur;bmp;dlg;rc2;rct;bin;rgs;gif;jpg;jpeg;jpe;resx;tiff;tif;png;wav;mfcribbon-ms</Extensions>
    </Filter>
    <Filter Include="Source Files\sound-processing">
      <UniqueIdentifier>{bdb8ab0b-fb55-4af4-aed4-b00fbf3b4a18}</UniqueIdentifier>
    </Filter>
    <Filter Include="Source Files\sound-processing\sound-handlers">
      <UniqueIdentifier>{89ee3378-928c-4353-a5d1-3dd6fa638e74}</UniqueIdentifier>
    </Filter>
    <Filter Include="Source Files\sound-processing\device-management">
      <UniqueIdentifier>{477ac0e7-fd2d-4360-b210-9660fdcdb279}</UniqueIdentifier>
    </Filter>
    <Filter Include="Source Files\audio-utils">
      <UniqueIdentifier>{9983f910-0024-44d2-bdc9-31dbc74164be}</UniqueIdentifier>
    </Filter>
    <Filter Include="Source Files\audio-utils\kiss_fft">
      <UniqueIdentifier>{3cb7bcf2-f4bf-4ed8-a4a5-8b0851d3df34}</UniqueIdentifier>
    </Filter>
    <Filter Include="Source Files\sound-processing\sound-handlers\spectrum-stack">
      <UniqueIdentifier>{de102e90-3811-445c-9f63-d12d9f1758b2}</UniqueIdentifier>
    </Filter>
  </ItemGroup>
  <ItemGroup>
    <ClInclude Include="Sources\AudioChild.h">
      <Filter>Source Files</Filter>
    </ClInclude>
    <ClInclude Include="Sources\AudioParent.h">
      <Filter>Source Files</Filter>
    </ClInclude>
    <ClInclude Include="Sources\ParamParser.h">
      <Filter>Source Files</Filter>
    </ClInclude>
    <ClInclude Include="local-version.h">
      <Filter>Resource Files</Filter>
    </ClInclude>
    <ClInclude Include="Sources\sound-processing\SoundAnalyzer.h">
      <Filter>Source Files\sound-processing</Filter>
    </ClInclude>
    <ClInclude Include="Sources\sound-processing\Channel.h">
      <Filter>Source Files\sound-processing</Filter>
    </ClInclude>
    <ClInclude Include="Sources\sound-processing\DataSupplier.h">
      <Filter>Source Files\sound-processing</Filter>
    </ClInclude>
    <ClInclude Include="Sources\sound-processing\device-management\DeviceManager.h">
      <Filter>Source Files\sound-processing\device-management</Filter>
    </ClInclude>
    <ClInclude Include="Sources\sound-processing\device-management\MyWaveFormat.h">
      <Filter>Source Files\sound-processing\device-management</Filter>
    </ClInclude>
    <ClInclude Include="Sources\sound-processing\device-management\CaptureManager.h">
      <Filter>Source Files\sound-processing\device-management</Filter>
    </ClInclude>
    <ClInclude Include="Sources\sound-processing\device-management\DataSource.h">
      <Filter>Source Files\sound-processing\device-management</Filter>
    </ClInclude>
    <ClInclude Include="Sources\sound-processing\Resampler.h">
      <Filter>Source Files\sound-processing</Filter>
    </ClInclude>
    <ClInclude Include="Sources\sound-processing\ChannelMixer.h">
      <Filter>Source Files\sound-processing</Filter>
    </ClInclude>
    <ClInclude Include="Sources\sound-processing\AudioChildHelper.h">
      <Filter>Source Files\sound-processing</Filter>
    </ClInclude>
    <ClInclude Include="Sources\sound-processing\HelperClasses.h">
      <Filter>Source Files\sound-processing</Filter>
    </ClInclude>
    <ClInclude Include="Sources\sound-processing\device-management\AudioEnumeratorHelper.h">
      <Filter>Source Files\sound-processing\device-management</Filter>
    </ClInclude>
    <ClInclude Include="Sources\audio-utils\kiss_fft\KissFft.hh">
      <Filter>Source Files\audio-utils\kiss_fft</Filter>
    </ClInclude>
    <ClInclude Include="Sources\audio-utils\FFT.h">
      <Filter>Source Files\audio-utils</Filter>
    </ClInclude>
    <ClInclude Include="Sources\audio-utils\InfiniteResponseFilter.h">
      <Filter>Source Files\audio-utils</Filter>
    </ClInclude>
    <ClInclude Include="Sources\sound-processing\sound-handlers\BlockHandler.h">
      <Filter>Source Files\sound-processing\sound-handlers</Filter>
    </ClInclude>
    <ClInclude Include="Sources\sound-processing\sound-handlers\FiniteTimeFilter.h">
      <Filter>Source Files\sound-processing\sound-handlers</Filter>
    </ClInclude>
    <ClInclude Include="Sources\sound-processing\sound-handlers\LogarithmicValueMapper.h">
      <Filter>Source Files\sound-processing\sound-handlers</Filter>
    </ClInclude>
    <ClInclude Include="Sources\sound-processing\sound-handlers\Loudness.h">
      <Filter>Source Files\sound-processing\sound-handlers</Filter>
    </ClInclude>
    <ClInclude Include="Sources\sound-processing\sound-handlers\SoundHandler.h">
      <Filter>Source Files\sound-processing\sound-handlers</Filter>
    </ClInclude>
    <ClInclude Include="Sources\sound-processing\sound-handlers\UniformBlur.h">
      <Filter>Source Files\sound-processing\sound-handlers</Filter>
    </ClInclude>
    <ClInclude Include="Sources\sound-processing\sound-handlers\WaveForm.h">
      <Filter>Source Files\sound-processing\sound-handlers</Filter>
    </ClInclude>
    <ClInclude Include="Sources\sound-processing\sound-handlers\spectrum-stack\BandCascadeTransformer.h">
      <Filter>Source Files\sound-processing\sound-handlers\spectrum-stack</Filter>
    </ClInclude>
    <ClInclude Include="Sources\sound-processing\sound-handlers\spectrum-stack\BandResampler.h">
      <Filter>Source Files\sound-processing\sound-handlers\spectrum-stack</Filter>
    </ClInclude>
    <ClInclude Include="Sources\sound-processing\sound-handlers\spectrum-stack\FftAnalyzer.h">
      <Filter>Source Files\sound-processing\sound-handlers\spectrum-stack</Filter>
    </ClInclude>
    <ClInclude Include="Sources\sound-processing\sound-handlers\spectrum-stack\Spectrogram.h">
      <Filter>Source Files\sound-processing\sound-handlers\spectrum-stack</Filter>
    </ClInclude>
    <ClInclude Include="Sources\sound-processing\sound-handlers\spectrum-stack\WeightedBlur.h">
      <Filter>Source Files\sound-processing\sound-handlers\spectrum-stack</Filter>
    </ClInclude>
    <ClInclude Include="Sources\audio-utils\LogarithmicIRF.h">
      <Filter>Source Files\audio-utils</Filter>
    </ClInclude>
  </ItemGroup>
  <ItemGroup>
    <ClCompile Include="Sources\AudioChild.cpp">
      <Filter>Source Files</Filter>
    </ClCompile>
    <ClCompile Include="Sources\AudioParent.cpp">
      <Filter>Source Files</Filter>
    </ClCompile>
    <ClCompile Include="Sources\ParamParser.cpp">
      <Filter>Source Files</Filter>
    </ClCompile>
    <ClCompile Include="..\Common\precompiled.cpp">
      <Filter>Source Files</Filter>
    </ClCompile>
    <ClCompile Include="Sources\sound-processing\SoundAnalyzer.cpp">
      <Filter>Source Files\sound-processing</Filter>
    </ClCompile>
    <ClCompile Include="Sources\sound-processing\Channel.cpp">
      <Filter>Source Files\sound-processing</Filter>
    </ClCompile>
    <ClCompile Include="Sources\sound-processing\device-management\DeviceManager.cpp">
      <Filter>Source Files\sound-processing\device-management</Filter>
    </ClCompile>
    <ClCompile Include="Sources\sound-processing\device-management\CaptureManager.cpp">
      <Filter>Source Files\sound-processing\device-management</Filter>
    </ClCompile>
    <ClCompile Include="Sources\sound-processing\Resampler.cpp">
      <Filter>Source Files\sound-processing</Filter>
    </ClCompile>
    <ClCompile Include="Sources\sound-processing\ChannelMixer.cpp">
      <Filter>Source Files\sound-processing</Filter>
    </ClCompile>
    <ClCompile Include="Sources\sound-processing\AudioChildHelper.cpp">
      <Filter>Source Files\sound-processing</Filter>
    </ClCompile>
    <ClCompile Include="Sources\sound-processing\HelperClasses.cpp">
      <Filter>Source Files\sound-processing</Filter>
    </ClCompile>
    <ClCompile Include="Sources\dllmain.cpp">
      <Filter>Source Files</Filter>
    </ClCompile>
    <ClCompile Include="Sources\sound-processing\device-management\AudioEnumeratorHelper.cpp">
      <Filter>Source Files\sound-processing\device-management</Filter>
    </ClCompile>
    <ClCompile Include="Sources\audio-utils\FFT.cpp">
      <Filter>Source Files\audio-utils</Filter>
    </ClCompile>
    <ClCompile Include="Sources\audio-utils\InfiniteResponseFilter.cpp">
      <Filter>Source Files\audio-utils</Filter>
    </ClCompile>
    <ClCompile Include="Sources\sound-processing\sound-handlers\BlockHandler.cpp">
      <Filter>Source Files\sound-processing\sound-handlers</Filter>
    </ClCompile>
    <ClCompile Include="Sources\sound-processing\sound-handlers\FiniteTimeFilter.cpp">
      <Filter>Source Files\sound-processing\sound-handlers</Filter>
    </ClCompile>
    <ClCompile Include="Sources\sound-processing\sound-handlers\LogarithmicValueMapper.cpp">
      <Filter>Source Files\sound-processing\sound-handlers</Filter>
    </ClCompile>
    <ClCompile Include="Sources\sound-processing\sound-handlers\Loudness.cpp">
      <Filter>Source Files\sound-processing\sound-handlers</Filter>
    </ClCompile>
    <ClCompile Include="Sources\sound-processing\sound-handlers\UniformBlur.cpp">
      <Filter>Source Files\sound-processing\sound-handlers</Filter>
    </ClCompile>
    <ClCompile Include="Sources\sound-processing\sound-handlers\WaveForm.cpp">
      <Filter>Source Files\sound-processing\sound-handlers</Filter>
    </ClCompile>
    <ClCompile Include="Sources\sound-processing\sound-handlers\spectrum-stack\BandCascadeTransformer.cpp">
      <Filter>Source Files\sound-processing\sound-handlers\spectrum-stack</Filter>
    </ClCompile>
    <ClCompile Include="Sources\sound-processing\sound-handlers\spectrum-stack\BandResampler.cpp">
      <Filter>Source Files\sound-processing\sound-handlers\spectrum-stack</Filter>
    </ClCompile>
    <ClCompile Include="Sources\sound-processing\sound-handlers\spectrum-stack\FftAnalyzer.cpp">
      <Filter>Source Files\sound-processing\sound-handlers\spectrum-stack</Filter>
    </ClCompile>
    <ClCompile Include="Sources\sound-processing\sound-handlers\spectrum-stack\Spectrogram.cpp">
      <Filter>Source Files\sound-processing\sound-handlers\spectrum-stack</Filter>
    </ClCompile>
    <ClCompile Include="Sources\sound-processing\sound-handlers\spectrum-stack\WeightedBlur.cpp">
      <Filter>Source Files\sound-processing\sound-handlers\spectrum-stack</Filter>
    </ClCompile>
    <ClCompile Include="Sources\audio-utils\LogarithmicIRF.cpp">
      <Filter>Source Files\audio-utils</Filter>
    </ClCompile>
  </ItemGroup>
  <ItemGroup>
    <ResourceCompile Include="..\Common\resources\version.rc">
      <Filter>Resource Files</Filter>
    </ResourceCompile>
  </ItemGroup>
  <ItemGroup>
    <Natvis Include="..\Common\array_view.natvis" />
  </ItemGroup>
  <ItemGroup>
    <Text Include="readme.txt" />
  </ItemGroup>
</Project>