<?xml version="1.0" encoding="utf-8"?>
<Project ToolsVersion="4.0" xmlns="http://schemas.microsoft.com/developer/msbuild/2003">
  <ItemGroup>
    <Filter Include="Resource Files">
      <UniqueIdentifier>{67DA6AB6-F800-4c08-8B7A-83BB121AAD01}</UniqueIdentifier>
      <Extensions>rc;ico;cur;bmp;dlg;rc2;rct;bin;rgs;gif;jpg;jpeg;jpe;resx;tiff;tif;png;wav;mfcribbon-ms</Extensions>
    </Filter>
    <Filter Include="sources">
      <UniqueIdentifier>{4FC737F1-C7A5-4376-A066-2A32D752A2FF}</UniqueIdentifier>
      <Extensions>cpp;c;cc;cxx;c++;cppm;ixx;def;odl;idl;hpj;bat;asm;asmx</Extensions>
    </Filter>
    <Filter Include="sources\rxtd">
      <UniqueIdentifier>{4960bbf4-242f-4b70-a259-768d9bb83859}</UniqueIdentifier>
    </Filter>
    <Filter Include="sources\rxtd\fft_utils">
      <UniqueIdentifier>{d7576117-2a41-4430-81da-89681ae62e0c}</UniqueIdentifier>
    </Filter>
    <Filter Include="sources\libs">
      <UniqueIdentifier>{0a4ffc87-d45f-4537-81fc-4d688b949e0e}</UniqueIdentifier>
    </Filter>
    <Filter Include="sources\libs\kiss_fft">
      <UniqueIdentifier>{265c9136-dc91-49c1-ad0d-2d155ba9fc11}</UniqueIdentifier>
    </Filter>
    <Filter Include="sources\libs\kiss_fft\LICENSES">
      <UniqueIdentifier>{7d16f704-6ae7-4bec-9d04-152e296c8ba7}</UniqueIdentifier>
    </Filter>
    <Filter Include="sources\libs\pffft">
      <UniqueIdentifier>{08c4e2fa-3091-47e8-9168-d2eaf82fb882}</UniqueIdentifier>
    </Filter>
    <Filter Include="sources\libs\pffft\simd">
      <UniqueIdentifier>{976f2c76-b07c-4460-99f0-17f1dc9e4a34}</UniqueIdentifier>
    </Filter>
  </ItemGroup>
  <ItemGroup>
    <ClInclude Include="sources\rxtd\fft_utils\FftCascade.h">
      <Filter>sources\rxtd\fft_utils</Filter>
    </ClInclude>
    <ClInclude Include="sources\libs\kiss_fft\KissFft.hh">
      <Filter>sources\libs\kiss_fft</Filter>
    </ClInclude>
    <ClInclude Include="sources\rxtd\fft_utils\WindowFunctionHelper.h">
      <Filter>sources\rxtd\fft_utils</Filter>
    </ClInclude>
    <ClInclude Include="sources\rxtd\fft_utils\ComplexFft.h">
      <Filter>sources\rxtd\fft_utils</Filter>
    </ClInclude>
    <ClInclude Include="sources\libs\pffft\pffft.h">
      <Filter>sources\libs\pffft</Filter>
    </ClInclude>
    <ClInclude Include="sources\libs\pffft\pffft.hpp">
      <Filter>sources\libs\pffft</Filter>
    </ClInclude>
    <ClInclude Include="sources\libs\pffft\pffft_double.h">
      <Filter>sources\libs\pffft</Filter>
    </ClInclude>
    <ClInclude Include="sources\libs\pffft\pffft_priv_impl.h">
      <Filter>sources\libs\pffft</Filter>
    </ClInclude>
    <ClInclude Include="sources\libs\pffft\simd\pf_avx_double.h">
      <Filter>sources\libs\pffft\simd</Filter>
    </ClInclude>
    <ClInclude Include="sources\libs\pffft\simd\pf_double.h">
      <Filter>sources\libs\pffft\simd</Filter>
    </ClInclude>
    <ClInclude Include="sources\libs\pffft\simd\pf_float.h">
      <Filter>sources\libs\pffft\simd</Filter>
    </ClInclude>
    <ClInclude Include="sources\libs\pffft\simd\pf_scalar_double.h">
      <Filter>sources\libs\pffft\simd</Filter>
    </ClInclude>
    <ClInclude Include="sources\libs\pffft\simd\pf_scalar_float.h">
      <Filter>sources\libs\pffft\simd</Filter>
    </ClInclude>
    <ClInclude Include="sources\libs\pffft\simd\pf_sse1_float.h">
      <Filter>sources\libs\pffft\simd</Filter>
    </ClInclude>
    <ClInclude Include="sources\libs\pffft\simd\pf_sse2_double.h">
      <Filter>sources\libs\pffft\simd</Filter>
    </ClInclude>
    <ClInclude Include="sources\rxtd\fft_utils\FftSizeHelper.h">
      <Filter>sources\rxtd\fft_utils</Filter>
    </ClInclude>
    <ClInclude Include="sources\rxtd\fft_utils\RealFft.h">
      <Filter>sources\rxtd\fft_utils</Filter>
    </ClInclude>
  </ItemGroup>
  <ItemGroup>
    <ClCompile Include="sources\rxtd\fft_utils\FftCascade.cpp">
      <Filter>sources\rxtd\fft_utils</Filter>
    </ClCompile>
    <ClCompile Include="sources\rxtd\fft_utils\WindowFunctionHelper.cpp">
      <Filter>sources\rxtd\fft_utils</Filter>
    </ClCompile>
    <ClCompile Include="sources\libs\pffft\pffft.c">
      <Filter>sources\libs\pffft</Filter>
    </ClCompile>
    <ClCompile Include="sources\libs\pffft\pffft_common.c">
      <Filter>sources\libs\pffft</Filter>
    </ClCompile>
    <ClCompile Include="sources\libs\pffft\pffft_double.c">
      <Filter>sources\libs\pffft</Filter>
    </ClCompile>
    <ClCompile Include="sources\rxtd\fft_utils\FftSizeHelper.cpp">
      <Filter>sources\rxtd\fft_utils</Filter>
    </ClCompile>
    <ClCompile Include="sources\rxtd\fft_utils\RealFft.cpp">
      <Filter>sources\rxtd\fft_utils</Filter>
    </ClCompile>
    <ClCompile Include="sources\rxtd\fft_utils\ComplexFft.cpp">
      <Filter>sources\rxtd\fft_utils</Filter>
    </ClCompile>
  </ItemGroup>
  <ItemGroup>
    <None Include="sources\libs\kiss_fft\COPYING">
      <Filter>sources\libs\kiss_fft</Filter>
    </None>
    <None Include="sources\libs\kiss_fft\LICENSES\BSD-3-Clause">
      <Filter>sources\libs\kiss_fft\LICENSES</Filter>
    </None>
    <None Include="sources\libs\kiss_fft\LICENSES\Unlicense">
      <Filter>sources\libs\kiss_fft\LICENSES</Filter>
    </None>
    <None Include="sources\libs\pffft\README.md">
      <Filter>sources\libs\pffft</Filter>
    </None>
  </ItemGroup>
  <ItemGroup>
    <Text Include="sources\libs\pffft\LICENSE.txt">
      <Filter>sources\libs\pffft</Filter>
    </Text>
  </ItemGroup>
</Project>