<?xml version="1.0" encoding="utf-8"?>
<Project ToolsVersion="4.0" xmlns="http://schemas.microsoft.com/developer/msbuild/2003">
  <ItemGroup>
    <Filter Include="Source Files">
      <UniqueIdentifier>{4FC737F1-C7A5-4376-A066-2A32D752A2FF}</UniqueIdentifier>
      <Extensions>cpp;c;cc;cxx;def;odl;idl;hpj;bat;asm;asmx</Extensions>
    </Filter>
    <Filter Include="Resource Files">
      <UniqueIdentifier>{67DA6AB6-F800-4c08-8B7A-83BB121AAD01}</UniqueIdentifier>
      <Extensions>rc;ico;cur;bmp;dlg;rc2;rct;bin;rgs;gif;jpg;jpeg;jpe;resx;tiff;tif;png;wav;mfcribbon-ms</Extensions>
    </Filter>
    <Filter Include="Source Files\pdh">
      <UniqueIdentifier>{fba27903-4a29-4a16-a3e7-4918b581df75}</UniqueIdentifier>
    </Filter>
    <Filter Include="Source Files\expression-solving">
      <UniqueIdentifier>{eca1d183-f1f1-497d-bd5a-83182e162a33}</UniqueIdentifier>
    </Filter>
  </ItemGroup>
  <ItemGroup>
    <ClCompile Include="sources\enums.h">
      <Filter>Source Files</Filter>
    </ClCompile>
    <ClCompile Include="sources\pdh\NamesManager.cpp">
      <Filter>Source Files\pdh</Filter>
    </ClCompile>
    <ClCompile Include="sources\BlacklistManager.cpp">
      <Filter>Source Files</Filter>
    </ClCompile>
    <ClCompile Include="sources\pdh\PdhWrapper.cpp">
      <Filter>Source Files\pdh</Filter>
    </ClCompile>
    <ClCompile Include="sources\InstanceManager.cpp">
      <Filter>Source Files</Filter>
    </ClCompile>
    <ClCompile Include="sources\PerfmonParent.cpp">
      <Filter>Source Files</Filter>
    </ClCompile>
    <ClCompile Include="sources\PerfmonChild.cpp">
      <Filter>Source Files</Filter>
    </ClCompile>
    <ClCompile Include="..\Common\precompiled.cpp">
      <Filter>Source Files</Filter>
    </ClCompile>
    <ClCompile Include="sources\dllmain.cpp">
      <Filter>Source Files</Filter>
    </ClCompile>
    <ClCompile Include="sources\ExpressionParser.cpp">
      <Filter>Source Files</Filter>
    </ClCompile>
    <ClCompile Include="sources\expression-solving\ExpressionSolver.cpp">
      <Filter>Source Files\expression-solving</Filter>
    </ClCompile>
    <ClCompile Include="sources\expression-solving\RollupExpressionResolver.cpp">
      <Filter>Source Files\expression-solving</Filter>
    </ClCompile>
    <ClCompile Include="sources\pdh\PdhFormat.cpp">
      <Filter>Source Files\pdh</Filter>
    </ClCompile>
  </ItemGroup>
  <ItemGroup>
    <ClInclude Include="sources\PerfMonRXTD.h">
      <Filter>Source Files</Filter>
    </ClInclude>
    <ClInclude Include="sources\pdh\NamesManager.h">
      <Filter>Source Files\pdh</Filter>
    </ClInclude>
    <ClInclude Include="sources\BlacklistManager.h">
      <Filter>Source Files</Filter>
    </ClInclude>
    <ClInclude Include="sources\pdh\PdhWrapper.h">
      <Filter>Source Files\pdh</Filter>
    </ClInclude>
    <ClInclude Include="sources\InstanceManager.h">
      <Filter>Source Files</Filter>
    </ClInclude>
    <ClInclude Include="sources\PerfmonParent.h">
      <Filter>Source Files</Filter>
    </ClInclude>
    <ClInclude Include="sources\PerfmonChild.h">
      <Filter>Source Files</Filter>
    </ClInclude>
    <ClInclude Include="local-version.h">
      <Filter>Resource Files</Filter>
    </ClInclude>
    <ClInclude Include="sources\ExpressionParser.h">
      <Filter>Source Files</Filter>
    </ClInclude>
    <ClInclude Include="sources\expression-solving\CacheHelper.h">
      <Filter>Source Files\expression-solving</Filter>
    </ClInclude>
    <ClInclude Include="sources\expression-solving\ExpressionSolver.h">
      <Filter>Source Files\expression-solving</Filter>
    </ClInclude>
    <ClInclude Include="sources\expression-solving\TotalUtilities.h">
      <Filter>Source Files\expression-solving</Filter>
    </ClInclude>
    <ClInclude Include="sources\expression-solving\RollupExpressionResolver.h">
      <Filter>Source Files\expression-solving</Filter>
    </ClInclude>
    <ClInclude Include="sources\pdh\my-pdh.h">
      <Filter>Source Files\pdh</Filter>
    </ClInclude>
    <ClInclude Include="sources\pdh\PdhFormat.h">
      <Filter>Source Files\pdh</Filter>
    </ClInclude>
    <ClInclude Include="sources\pdh\PdhSnapshot.h">
      <Filter>Source Files\pdh</Filter>
    </ClInclude>
    <ClInclude Include="sources\Reference.h">
      <Filter>Source Files</Filter>
    </ClInclude>
    <ClInclude Include="sources\MatchPattern.h">
      <Filter>Source Files</Filter>
    </ClInclude>
  </ItemGroup>
  <ItemGroup>
    <ResourceCompile Include="..\Common\resources\version.rc">
      <Filter>Resource Files</Filter>
    </ResourceCompile>
  </ItemGroup>
</Project>