<?xml version="1.0" encoding="utf-8"?>
<Project ToolsVersion="4.0" xmlns="http://schemas.microsoft.com/developer/msbuild/2003">
  <ItemGroup>
    <Filter Include="Header Files">
      <UniqueIdentifier>{93995380-89BD-4b04-88EB-625FBE52EBFB}</UniqueIdentifier>
      <Extensions>h;hh;hpp;hxx;h++;hm;inl;inc;ipp;xsd</Extensions>
    </Filter>
    <Filter Include="Resource Files">
      <UniqueIdentifier>{67DA6AB6-F800-4c08-8B7A-83BB121AAD01}</UniqueIdentifier>
      <Extensions>rc;ico;cur;bmp;dlg;rc2;rct;bin;rgs;gif;jpg;jpeg;jpe;resx;tiff;tif;png;wav;mfcribbon-ms</Extensions>
    </Filter>
    <Filter Include="sources">
      <UniqueIdentifier>{4FC737F1-C7A5-4376-A066-2A32D752A2FF}</UniqueIdentifier>
      <Extensions>cpp;c;cc;cxx;c++;cppm;ixx;def;odl;idl;hpj;bat;asm;asmx</Extensions>
    </Filter>
    <Filter Include="sources\rxtd">
      <UniqueIdentifier>{ba7136f9-9c23-46b4-aa62-0077df844df5}</UniqueIdentifier>
    </Filter>
    <Filter Include="sources\rxtd\filter_utils">
      <UniqueIdentifier>{af612c40-a718-4bbf-9cf8-ab10a3fe277d}</UniqueIdentifier>
    </Filter>
    <Filter Include="sources\rxtd\filter_utils\butterworth_lib">
      <UniqueIdentifier>{51761616-c321-4361-b5f0-92cab9e2643f}</UniqueIdentifier>
    </Filter>
  </ItemGroup>
  <ItemGroup>
    <ClCompile Include="sources\rxtd\filter_utils\BiQuadIIR.cpp">
      <Filter>sources\rxtd\filter_utils</Filter>
    </ClCompile>
    <ClCompile Include="sources\rxtd\filter_utils\BQFilterBuilder.cpp">
      <Filter>sources\rxtd\filter_utils</Filter>
    </ClCompile>
    <ClCompile Include="sources\rxtd\filter_utils\FilterCascade.cpp">
      <Filter>sources\rxtd\filter_utils</Filter>
    </ClCompile>
    <ClCompile Include="sources\rxtd\filter_utils\FilterCascadeParser.cpp">
      <Filter>sources\rxtd\filter_utils</Filter>
    </ClCompile>
    <ClCompile Include="sources\rxtd\filter_utils\InfiniteResponseFilter.cpp">
      <Filter>sources\rxtd\filter_utils</Filter>
    </ClCompile>
    <ClCompile Include="sources\rxtd\filter_utils\butterworth_lib\ButterworthWrapper.cpp">
      <Filter>sources\rxtd\filter_utils\butterworth_lib</Filter>
    </ClCompile>
    <ClCompile Include="sources\rxtd\filter_utils\butterworth_lib\iir.cpp">
      <Filter>sources\rxtd\filter_utils\butterworth_lib</Filter>
    </ClCompile>
  </ItemGroup>
  <ItemGroup>
    <ClInclude Include="sources\rxtd\filter_utils\AbstractFilter.h">
      <Filter>sources\rxtd\filter_utils</Filter>
    </ClInclude>
    <ClInclude Include="sources\rxtd\filter_utils\BiQuadIIR.h">
      <Filter>sources\rxtd\filter_utils</Filter>
    </ClInclude>
    <ClInclude Include="sources\rxtd\filter_utils\BQFilterBuilder.h">
      <Filter>sources\rxtd\filter_utils</Filter>
    </ClInclude>
    <ClInclude Include="sources\rxtd\filter_utils\FilterCascade.h">
      <Filter>sources\rxtd\filter_utils</Filter>
    </ClInclude>
    <ClInclude Include="sources\rxtd\filter_utils\FilterCascadeParser.h">
      <Filter>sources\rxtd\filter_utils</Filter>
    </ClInclude>
    <ClInclude Include="sources\rxtd\filter_utils\InfiniteResponseFilter.h">
      <Filter>sources\rxtd\filter_utils</Filter>
    </ClInclude>
    <ClInclude Include="sources\rxtd\filter_utils\LogarithmicIRF.h">
      <Filter>sources\rxtd\filter_utils</Filter>
    </ClInclude>
    <ClInclude Include="sources\rxtd\filter_utils\butterworth_lib\ButterworthWrapper.h">
      <Filter>sources\rxtd\filter_utils\butterworth_lib</Filter>
    </ClInclude>
    <ClInclude Include="sources\rxtd\filter_utils\butterworth_lib\iir.h">
      <Filter>sources\rxtd\filter_utils\butterworth_lib</Filter>
    </ClInclude>
    <ClInclude Include="sources\rxtd\filter_utils\DownsampleHelper.h">
      <Filter>sources\rxtd\filter_utils</Filter>
    </ClInclude>
  </ItemGroup>
  <ItemGroup>
    <Text Include="sources\rxtd\filter_utils\butterworth_lib\iir.txt">
      <Filter>sources\rxtd\filter_utils\butterworth_lib</Filter>
    </Text>
  </ItemGroup>
</Project>