<?xml version="1.0" encoding="utf-8"?>
<Project ToolsVersion="4.0" xmlns="http://schemas.microsoft.com/developer/msbuild/2003">
  <ItemGroup>
    <Filter Include="Resource Files">
      <UniqueIdentifier>{67DA6AB6-F800-4c08-8B7A-83BB121AAD01}</UniqueIdentifier>
      <Extensions>rc;ico;cur;bmp;dlg;rc2;rct;bin;rgs;gif;jpg;jpeg;jpe;resx;tiff;tif;png;wav;mfcribbon-ms</Extensions>
    </Filter>
    <Filter Include="sources">
      <UniqueIdentifier>{4FC737F1-C7A5-4376-A066-2A32D752A2FF}</UniqueIdentifier>
      <Extensions>cpp;c;cc;cxx;def;odl;idl;hpj;bat;asm;asmx</Extensions>
    </Filter>
    <Filter Include="sources\rxtd">
      <UniqueIdentifier>{b1bfbb52-f84f-4f03-9e3e-2fc6f7f05324}</UniqueIdentifier>
    </Filter>
    <Filter Include="sources\rxtd\option-parsing">
      <UniqueIdentifier>{f56a22ca-0b8d-451f-8bdb-b5ebc4f1b7d7}</UniqueIdentifier>
    </Filter>
    <Filter Include="sources\rxtd\rainmeter">
      <UniqueIdentifier>{3bc16923-f776-413a-816b-d9a0ad095f0a}</UniqueIdentifier>
    </Filter>
    <Filter Include="sources\rxtd\winapi-wrappers">
      <UniqueIdentifier>{cfe1b36f-90d4-4281-9bd6-dc9d34f62dfe}</UniqueIdentifier>
    </Filter>
    <Filter Include="sources\rxtd\winapi-wrappers\implementations">
      <UniqueIdentifier>{574a5653-cea6-48c5-831f-c229edf3cce4}</UniqueIdentifier>
    </Filter>
    <Filter Include="sources\rxtd\expressions">
      <UniqueIdentifier>{7a12fe6b-6e12-47e3-9070-733b1ddbcec2}</UniqueIdentifier>
    </Filter>
  </ItemGroup>
  <ItemGroup>
    <ClCompile Include="sources\precompiled.cpp">
      <Filter>sources</Filter>
    </ClCompile>
    <ClCompile Include="sources\rxtd\MyMath.cpp">
      <Filter>sources\rxtd</Filter>
    </ClCompile>
    <ClCompile Include="sources\rxtd\StringUtils.cpp">
      <Filter>sources\rxtd</Filter>
    </ClCompile>
    <ClCompile Include="sources\rxtd\option-parsing\Option.cpp">
      <Filter>sources\rxtd\option-parsing</Filter>
    </ClCompile>
    <ClCompile Include="sources\rxtd\option-parsing\OptionMap.cpp">
      <Filter>sources\rxtd\option-parsing</Filter>
    </ClCompile>
    <ClCompile Include="sources\rxtd\option-parsing\Tokenizer.cpp">
      <Filter>sources\rxtd\option-parsing</Filter>
    </ClCompile>
    <ClCompile Include="sources\rxtd\rainmeter\InstanceKeeper.cpp">
      <Filter>sources\rxtd\rainmeter</Filter>
    </ClCompile>
    <ClCompile Include="sources\rxtd\rainmeter\MeasureBase.cpp">
      <Filter>sources\rxtd\rainmeter</Filter>
    </ClCompile>
    <ClCompile Include="sources\rxtd\rainmeter\Rainmeter.cpp">
      <Filter>sources\rxtd\rainmeter</Filter>
    </ClCompile>
    <ClCompile Include="sources\rxtd\winapi-wrappers\WinApiReturnCode.cpp">
      <Filter>sources\rxtd\winapi-wrappers</Filter>
    </ClCompile>
    <ClCompile Include="sources\rxtd\expressions\ASTParser.cpp">
      <Filter>sources\rxtd\expressions</Filter>
    </ClCompile>
    <ClCompile Include="sources\rxtd\expressions\ASTSolver.cpp">
      <Filter>sources\rxtd\expressions</Filter>
    </ClCompile>
    <ClCompile Include="sources\rxtd\expressions\GrammarBuilder.cpp">
      <Filter>sources\rxtd\expressions</Filter>
    </ClCompile>
    <ClCompile Include="sources\rxtd\expressions\Lexer.cpp">
      <Filter>sources\rxtd\expressions</Filter>
    </ClCompile>
  </ItemGroup>
  <ItemGroup>
    <ClInclude Include="sources\precompiled.h">
      <Filter>sources</Filter>
    </ClInclude>
    <ClInclude Include="sources\rxtd\array_view.h">
      <Filter>sources\rxtd</Filter>
    </ClInclude>
    <ClInclude Include="sources\rxtd\BufferPrinter.h">
      <Filter>sources\rxtd</Filter>
    </ClInclude>
    <ClInclude Include="sources\rxtd\CaseInsensitiveString.h">
      <Filter>sources\rxtd</Filter>
    </ClInclude>
    <ClInclude Include="sources\rxtd\DataWithLock.h">
      <Filter>sources\rxtd</Filter>
    </ClInclude>
    <ClInclude Include="sources\rxtd\DiscreetInterpolator.h">
      <Filter>sources\rxtd</Filter>
    </ClInclude>
    <ClInclude Include="sources\rxtd\GenericBaseClasses.h">
      <Filter>sources\rxtd</Filter>
    </ClInclude>
    <ClInclude Include="sources\rxtd\GrowingVector.h">
      <Filter>sources\rxtd</Filter>
    </ClInclude>
    <ClInclude Include="sources\rxtd\IntMixer.h">
      <Filter>sources\rxtd</Filter>
    </ClInclude>
    <ClInclude Include="sources\rxtd\LinearInterpolator.h">
      <Filter>sources\rxtd</Filter>
    </ClInclude>
    <ClInclude Include="sources\rxtd\MapUtils.h">
      <Filter>sources\rxtd</Filter>
    </ClInclude>
    <ClInclude Include="sources\rxtd\MyMath.h">
      <Filter>sources\rxtd</Filter>
    </ClInclude>
    <ClInclude Include="sources\rxtd\ReadableStreamBuffer.h">
      <Filter>sources\rxtd</Filter>
    </ClInclude>
    <ClInclude Include="sources\rxtd\StringUtils.h">
      <Filter>sources\rxtd</Filter>
    </ClInclude>
    <ClInclude Include="sources\rxtd\Vector2D.h">
      <Filter>sources\rxtd</Filter>
    </ClInclude>
    <ClInclude Include="sources\rxtd\option-parsing\Option.h">
      <Filter>sources\rxtd\option-parsing</Filter>
    </ClInclude>
    <ClInclude Include="sources\rxtd\option-parsing\OptionBase.h">
      <Filter>sources\rxtd\option-parsing</Filter>
    </ClInclude>
    <ClInclude Include="sources\rxtd\option-parsing\OptionList.h">
      <Filter>sources\rxtd\option-parsing</Filter>
    </ClInclude>
    <ClInclude Include="sources\rxtd\option-parsing\OptionMap.h">
      <Filter>sources\rxtd\option-parsing</Filter>
    </ClInclude>
    <ClInclude Include="sources\rxtd\option-parsing\OptionSequence.h">
      <Filter>sources\rxtd\option-parsing</Filter>
    </ClInclude>
    <ClInclude Include="sources\rxtd\option-parsing\Tokenizer.h">
      <Filter>sources\rxtd\option-parsing</Filter>
    </ClInclude>
    <ClInclude Include="sources\rxtd\rainmeter\InstanceKeeper.h">
      <Filter>sources\rxtd\rainmeter</Filter>
    </ClInclude>
    <ClInclude Include="sources\rxtd\rainmeter\Logger.h">
      <Filter>sources\rxtd\rainmeter</Filter>
    </ClInclude>
    <ClInclude Include="sources\rxtd\rainmeter\MeasureBase.h">
      <Filter>sources\rxtd\rainmeter</Filter>
    </ClInclude>
    <ClInclude Include="sources\rxtd\rainmeter\Rainmeter.h">
      <Filter>sources\rxtd\rainmeter</Filter>
    </ClInclude>
    <ClInclude Include="sources\rxtd\rainmeter\DataHandle.h">
      <Filter>sources\rxtd\rainmeter</Filter>
    </ClInclude>
    <ClInclude Include="sources\rxtd\rainmeter\SkinHandle.h">
      <Filter>sources\rxtd\rainmeter</Filter>
    </ClInclude>
    <ClInclude Include="sources\rxtd\winapi-wrappers\ComException.h">
      <Filter>sources\rxtd\winapi-wrappers</Filter>
    </ClInclude>
    <ClInclude Include="sources\rxtd\winapi-wrappers\GenericComWrapper.h">
      <Filter>sources\rxtd\winapi-wrappers</Filter>
    </ClInclude>
    <ClInclude Include="sources\rxtd\winapi-wrappers\GenericCoTaskMemWrapper.h">
      <Filter>sources\rxtd\winapi-wrappers</Filter>
    </ClInclude>
    <ClInclude Include="sources\rxtd\winapi-wrappers\PropertyStoreWrapper.h">
      <Filter>sources\rxtd\winapi-wrappers</Filter>
    </ClInclude>
    <ClInclude Include="sources\rxtd\winapi-wrappers\WinApiReturnCode.h">
      <Filter>sources\rxtd\winapi-wrappers</Filter>
    </ClInclude>
    <ClInclude Include="sources\rxtd\winapi-wrappers\implementations\IUnknownImpl.h">
      <Filter>sources\rxtd\winapi-wrappers\implementations</Filter>
    </ClInclude>
    <ClInclude Include="sources\rxtd\expressions\ASTParser.h">
      <Filter>sources\rxtd\expressions</Filter>
    </ClInclude>
    <ClInclude Include="sources\rxtd\expressions\ASTSolver.h">
      <Filter>sources\rxtd\expressions</Filter>
    </ClInclude>
    <ClInclude Include="sources\rxtd\expressions\GenericNode.h">
      <Filter>sources\rxtd\expressions</Filter>
    </ClInclude>
    <ClInclude Include="sources\rxtd\expressions\GrammarBuilder.h">
      <Filter>sources\rxtd\expressions</Filter>
    </ClInclude>
    <ClInclude Include="sources\rxtd\expressions\GrammarDescription.h">
      <Filter>sources\rxtd\expressions</Filter>
    </ClInclude>
    <ClInclude Include="sources\rxtd\expressions\Lexer.h">
      <Filter>sources\rxtd\expressions</Filter>
    </ClInclude>
    <ClInclude Include="sources\rxtd\expressions\OperatorNodes.h">
      <Filter>sources\rxtd\expressions</Filter>
    </ClInclude>
    <ClInclude Include="sources\rxtd\expressions\SyntaxTree.h">
      <Filter>sources\rxtd\expressions</Filter>
    </ClInclude>
    <ClInclude Include="sources\my-windows.h">
      <Filter>sources</Filter>
    </ClInclude>
  </ItemGroup>
  <ItemGroup>
    <Natvis Include="array_view.natvis" />
  </ItemGroup>
  <ItemGroup>
    <None Include="README.md" />
    <None Include="sources\rxtd\expressions\README.md">
      <Filter>sources\rxtd\expressions</Filter>
    </None>
  </ItemGroup>
</Project>